// !$*UTF8*$!
{
	archiveVersion = 1;
	classes = {
	};
	objectVersion = 50;
	objects = {

/* Begin PBXBuildFile section */
		97ADBEE524D55A99001B9BAF /* AppDelegate.swift in Sources */ = {isa = PBXBuildFile; fileRef = 97ADBEE424D55A99001B9BAF /* AppDelegate.swift */; };
		97ADBEE724D55A99001B9BAF /* SceneDelegate.swift in Sources */ = {isa = PBXBuildFile; fileRef = 97ADBEE624D55A99001B9BAF /* SceneDelegate.swift */; };
		97ADBEE924D55A99001B9BAF /* ContentView.swift in Sources */ = {isa = PBXBuildFile; fileRef = 97ADBEE824D55A99001B9BAF /* ContentView.swift */; };
		97ADBEEB24D55A9A001B9BAF /* Assets.xcassets in Resources */ = {isa = PBXBuildFile; fileRef = 97ADBEEA24D55A9A001B9BAF /* Assets.xcassets */; };
		97ADBEEE24D55A9A001B9BAF /* Preview Assets.xcassets in Resources */ = {isa = PBXBuildFile; fileRef = 97ADBEED24D55A9A001B9BAF /* Preview Assets.xcassets */; };
		97ADBEF124D55A9A001B9BAF /* LaunchScreen.storyboard in Resources */ = {isa = PBXBuildFile; fileRef = 97ADBEEF24D55A9A001B9BAF /* LaunchScreen.storyboard */; };
/* End PBXBuildFile section */

/* Begin PBXFileReference section */
		97ADBEE124D55A99001B9BAF /* ShoppingAppDesign.app */ = {isa = PBXFileReference; explicitFileType = wrapper.application; includeInIndex = 0; path = ShoppingAppDesign.app; sourceTree = BUILT_PRODUCTS_DIR; };
		97ADBEE424D55A99001B9BAF /* AppDelegate.swift */ = {isa = PBXFileReference; lastKnownFileType = sourcecode.swift; path = AppDelegate.swift; sourceTree = "<group>"; };
		97ADBEE624D55A99001B9BAF /* SceneDelegate.swift */ = {isa = PBXFileReference; lastKnownFileType = sourcecode.swift; path = SceneDelegate.swift; sourceTree = "<group>"; };
		97ADBEE824D55A99001B9BAF /* ContentView.swift */ = {isa = PBXFileReference; lastKnownFileType = sourcecode.swift; path = ContentView.swift; sourceTree = "<group>"; };
		97ADBEEA24D55A9A001B9BAF /* Assets.xcassets */ = {isa = PBXFileReference; lastKnownFileType = folder.assetcatalog; path = Assets.xcassets; sourceTree = "<group>"; };
		97ADBEED24D55A9A001B9BAF /* Preview Assets.xcassets */ = {isa = PBXFileReference; lastKnownFileType = folder.assetcatalog; path = "Preview Assets.xcassets"; sourceTree = "<group>"; };
		97ADBEF024D55A9A001B9BAF /* Base */ = {isa = PBXFileReference; lastKnownFileType = file.storyboard; name = Base; path = Base.lproj/LaunchScreen.storyboard; sourceTree = "<group>"; };
		97ADBEF224D55A9A001B9BAF /* Info.plist */ = {isa = PBXFileReference; lastKnownFileType = text.plist.xml; path = Info.plist; sourceTree = "<group>"; };
/* End PBXFileReference section */

/* Begin PBXFrameworksBuildPhase section */
		97ADBEDE24D55A99001B9BAF /* Frameworks */ = {
			isa = PBXFrameworksBuildPhase;
			buildActionMask = 2147483647;
			files = (
			);
			runOnlyForDeploymentPostprocessing = 0;
		};
/* End PBXFrameworksBuildPhase section */

/* Begin PBXGroup section */
		97ADBED824D55A99001B9BAF = {
			isa = PBXGroup;
			children = (
				97ADBEE324D55A99001B9BAF /* ShoppingAppDesign */,
				97ADBEE224D55A99001B9BAF /* Products */,
			);
			sourceTree = "<group>";
		};
		97ADBEE224D55A99001B9BAF /* Products */ = {
			isa = PBXGroup;
			children = (
				97ADBEE124D55A99001B9BAF /* ShoppingAppDesign.app */,
			);
			name = Products;
			sourceTree = "<group>";
		};
		97ADBEE324D55A99001B9BAF /* ShoppingAppDesign */ = {
			isa = PBXGroup;
			children = (
				97ADBEE424D55A99001B9BAF /* AppDelegate.swift */,
				97ADBEE624D55A99001B9BAF /* SceneDelegate.swift */,
				97ADBEE824D55A99001B9BAF /* ContentView.swift */,
				97ADBEEA24D55A9A001B9BAF /* Assets.xcassets */,
				97ADBEEF24D55A9A001B9BAF /* LaunchScreen.storyboard */,
				97ADBEF224D55A9A001B9BAF /* Info.plist */,
				97ADBEEC24D55A9A001B9BAF /* Preview Content */,
			);
			path = ShoppingAppDesign;
			sourceTree = "<group>";
		};
		97ADBEEC24D55A9A001B9BAF /* Preview Content */ = {
			isa = PBXGroup;
			children = (
				97ADBEED24D55A9A001B9BAF /* Preview Assets.xcassets */,
			);
			path = "Preview Content";
			sourceTree = "<group>";
		};
/* End PBXGroup section */

/* Begin PBXNativeTarget section */
		97ADBEE024D55A99001B9BAF /* ShoppingAppDesign */ = {
			isa = PBXNativeTarget;
			buildConfigurationList = 97ADBEF524D55A9A001B9BAF /* Build configuration list for PBXNativeTarget "ShoppingAppDesign" */;
			buildPhases = (
				97ADBEDD24D55A99001B9BAF /* Sources */,
				97ADBEDE24D55A99001B9BAF /* Frameworks */,
				97ADBEDF24D55A99001B9BAF /* Resources */,
			);
			buildRules = (
			);
			dependencies = (
			);
			name = ShoppingAppDesign;
			productName = ShoppingAppDesign;
			productReference = 97ADBEE124D55A99001B9BAF /* ShoppingAppDesign.app */;
			productType = "com.apple.product-type.application";
		};
/* End PBXNativeTarget section */

/* Begin PBXProject section */
		97ADBED924D55A99001B9BAF /* Project object */ = {
			isa = PBXProject;
			attributes = {
				LastSwiftUpdateCheck = 1200;
				LastUpgradeCheck = 1200;
				TargetAttributes = {
					97ADBEE024D55A99001B9BAF = {
						CreatedOnToolsVersion = 12.0;
					};
				};
			};
			buildConfigurationList = 97ADBEDC24D55A99001B9BAF /* Build configuration list for PBXProject "ShoppingAppDesign" */;
			compatibilityVersion = "Xcode 9.3";
			developmentRegion = en;
			hasScannedForEncodings = 0;
			knownRegions = (
				en,
				Base,
			);
			mainGroup = 97ADBED824D55A99001B9BAF;
			productRefGroup = 97ADBEE224D55A99001B9BAF /* Products */;
			projectDirPath = "";
			projectRoot = "";
			targets = (
				97ADBEE024D55A99001B9BAF /* ShoppingAppDesign */,
			);
		};
/* End PBXProject section */

/* Begin PBXResourcesBuildPhase section */
		97ADBEDF24D55A99001B9BAF /* Resources */ = {
			isa = PBXResourcesBuildPhase;
			buildActionMask = 2147483647;
			files = (
				97ADBEF124D55A9A001B9BAF /* LaunchScreen.storyboard in Resources */,
				97ADBEEE24D55A9A001B9BAF /* Preview Assets.xcassets in Resources */,
				97ADBEEB24D55A9A001B9BAF /* Assets.xcassets in Resources */,
			);
			runOnlyForDeploymentPostprocessing = 0;
		};
/* End PBXResourcesBuildPhase section */

/* Begin PBXSourcesBuildPhase section */
		97ADBEDD24D55A99001B9BAF /* Sources */ = {
			isa = PBXSourcesBuildPhase;
			buildActionMask = 2147483647;
			files = (
				97ADBEE524D55A99001B9BAF /* AppDelegate.swift in Sources */,
				97ADBEE724D55A99001B9BAF /* SceneDelegate.swift in Sources */,
				97ADBEE924D55A99001B9BAF /* ContentView.swift in Sources */,
			);
			runOnlyForDeploymentPostprocessing = 0;
		};
/* End PBXSourcesBuildPhase section */

/* Begin PBXVariantGroup section */
		97ADBEEF24D55A9A001B9BAF /* LaunchScreen.storyboard */ = {
			isa = PBXVariantGroup;
			children = (
				97ADBEF024D55A9A001B9BAF /* Base */,
			);
			name = LaunchScreen.storyboard;
			sourceTree = "<group>";
		};
/* End PBXVariantGroup section */

/* Begin XCBuildConfiguration section */
		97ADBEF324D55A9A001B9BAF /* Debug */ = {
			isa = XCBuildConfiguration;
			buildSettings = {
				ALWAYS_SEARCH_USER_PATHS = NO;
				CLANG_ANALYZER_NONNULL = YES;
				CLANG_ANALYZER_NUMBER_OBJECT_CONVERSION = YES_AGGRESSIVE;
				CLANG_CXX_LANGUAGE_STANDARD = "gnu++14";
				CLANG_CXX_LIBRARY = "libc++";
				CLANG_ENABLE_MODULES = YES;
				CLANG_ENABLE_OBJC_ARC = YES;
				CLANG_ENABLE_OBJC_WEAK = YES;
				CLANG_WARN_BLOCK_CAPTURE_AUTORELEASING = YES;
				CLANG_WARN_BOOL_CONVERSION = YES;
				CLANG_WARN_COMMA = YES;
				CLANG_WARN_CONSTANT_CONVERSION = YES;
				CLANG_WARN_DEPRECATED_OBJC_IMPLEMENTATIONS = YES;
				CLANG_WARN_DIRECT_OBJC_ISA_USAGE = YES_ERROR;
				CLANG_WARN_DOCUMENTATION_COMMENTS = YES;
				CLANG_WARN_EMPTY_BODY = YES;
				CLANG_WARN_ENUM_CONVERSION = YES;
				CLANG_WARN_INFINITE_RECURSION = YES;
				CLANG_WARN_INT_CONVERSION = YES;
				CLANG_WARN_NON_LITERAL_NULL_CONVERSION = YES;
				CLANG_WARN_OBJC_IMPLICIT_RETAIN_SELF = YES;
				CLANG_WARN_OBJC_LITERAL_CONVERSION = YES;
				CLANG_WARN_OBJC_ROOT_CLASS = YES_ERROR;
				CLANG_WARN_QUOTED_INCLUDE_IN_FRAMEWORK_HEADER = YES;
				CLANG_WARN_RANGE_LOOP_ANALYSIS = YES;
				CLANG_WARN_STRICT_PROTOTYPES = YES;
				CLANG_WARN_SUSPICIOUS_MOVE = YES;
				CLANG_WARN_UNGUARDED_AVAILABILITY = YES_AGGRESSIVE;
				CLANG_WARN_UNREACHABLE_CODE = YES;
				CLANG_WARN__DUPLICATE_METHOD_MATCH = YES;
				COPY_PHASE_STRIP = NO;
				DEBUG_INFORMATION_FORMAT = dwarf;
				ENABLE_STRICT_OBJC_MSGSEND = YES;
				ENABLE_TESTABILITY = YES;
				GCC_C_LANGUAGE_STANDARD = gnu11;
				GCC_DYNAMIC_NO_PIC = NO;
				GCC_NO_COMMON_BLOCKS = YES;
				GCC_OPTIMIZATION_LEVEL = 0;
				GCC_PREPROCESSOR_DEFINITIONS = (
					"DEBUG=1",
					"$(inherited)",
				);
				GCC_WARN_64_TO_32_BIT_CONVERSION = YES;
				GCC_WARN_ABOUT_RETURN_TYPE = YES_ERROR;
				GCC_WARN_UNDECLARED_SELECTOR = YES;
				GCC_WARN_UNINITIALIZED_AUTOS = YES_AGGRESSIVE;
				GCC_WARN_UNUSED_FUNCTION = YES;
				GCC_WARN_UNUSED_VARIABLE = YES;
				IPHONEOS_DEPLOYMENT_TARGET = 14.0;
				MTL_ENABLE_DEBUG_INFO = INCLUDE_SOURCE;
				MTL_FAST_MATH = YES;
				ONLY_ACTIVE_ARCH = YES;
				SDKROOT = iphoneos;
				SWIFT_ACTIVE_COMPILATION_CONDITIONS = DEBUG;
				SWIFT_OPTIMIZATION_LEVEL = "-Onone";
			};
			name = Debug;
		};
		97ADBEF424D55A9A001B9BAF /* Release */ = {
			isa = XCBuildConfiguration;
			buildSettings = {
				ALWAYS_SEARCH_USER_PATHS = NO;
				CLANG_ANALYZER_NONNULL = YES;
				CLANG_ANALYZER_NUMBER_OBJECT_CONVERSION = YES_AGGRESSIVE;
				CLANG_CXX_LANGUAGE_STANDARD = "gnu++14";
				CLANG_CXX_LIBRARY = "libc++";
				CLANG_ENABLE_MODULES = YES;
				CLANG_ENABLE_OBJC_ARC = YES;
				CLANG_ENABLE_OBJC_WEAK = YES;
				CLANG_WARN_BLOCK_CAPTURE_AUTORELEASING = YES;
				CLANG_WARN_BOOL_CONVERSION = YES;
				CLANG_WARN_COMMA = YES;
				CLANG_WARN_CONSTANT_CONVERSION = YES;
				CLANG_WARN_DEPRECATED_OBJC_IMPLEMENTATIONS = YES;
				CLANG_WARN_DIRECT_OBJC_ISA_USAGE = YES_ERROR;
				CLANG_WARN_DOCUMENTATION_COMMENTS = YES;
				CLANG_WARN_EMPTY_BODY = YES;
				CLANG_WARN_ENUM_CONVERSION = YES;
				CLANG_WARN_INFINITE_RECURSION = YES;
				CLANG_WARN_INT_CONVERSION = YES;
				CLANG_WARN_NON_LITERAL_NULL_CONVERSION = YES;
				CLANG_WARN_OBJC_IMPLICIT_RETAIN_SELF = YES;
				CLANG_WARN_OBJC_LITERAL_CONVERSION = YES;
				CLANG_WARN_OBJC_ROOT_CLASS = YES_ERROR;
				CLANG_WARN_QUOTED_INCLUDE_IN_FRAMEWORK_HEADER = YES;
				CLANG_WARN_RANGE_LOOP_ANALYSIS = YES;
				CLANG_WARN_STRICT_PROTOTYPES = YES;
				CLANG_WARN_SUSPICIOUS_MOVE = YES;
				CLANG_WARN_UNGUARDED_AVAILABILITY = YES_AGGRESSIVE;
				CLANG_WARN_UNREACHABLE_CODE = YES;
				CLANG_WARN__DUPLICATE_METHOD_MATCH = YES;
				COPY_PHASE_STRIP = NO;
				DEBUG_INFORMATION_FORMAT = "dwarf-with-dsym";
				ENABLE_NS_ASSERTIONS = NO;
				ENABLE_STRICT_OBJC_MSGSEND = YES;
				GCC_C_LANGUAGE_STANDARD = gnu11;
				GCC_NO_COMMON_BLOCKS = YES;
				GCC_WARN_64_TO_32_BIT_CONVERSION = YES;
				GCC_WARN_ABOUT_RETURN_TYPE = YES_ERROR;
				GCC_WARN_UNDECLARED_SELECTOR = YES;
				GCC_WARN_UNINITIALIZED_AUTOS = YES_AGGRESSIVE;
				GCC_WARN_UNUSED_FUNCTION = YES;
				GCC_WARN_UNUSED_VARIABLE = YES;
				IPHONEOS_DEPLOYMENT_TARGET = 14.0;
				MTL_ENABLE_DEBUG_INFO = NO;
				MTL_FAST_MATH = YES;
				SDKROOT = iphoneos;
				SWIFT_COMPILATION_MODE = wholemodule;
				SWIFT_OPTIMIZATION_LEVEL = "-O";
				VALIDATE_PRODUCT = YES;
			};
			name = Release;
		};
		97ADBEF624D55A9A001B9BAF /* Debug */ = {
			isa = XCBuildConfiguration;
			buildSettings = {
				ASSETCATALOG_COMPILER_APPICON_NAME = AppIcon;
				ASSETCATALOG_COMPILER_GLOBAL_ACCENT_COLOR_NAME = AccentColor;
				CODE_SIGN_STYLE = Automatic;
				DEVELOPMENT_ASSET_PATHS = "\"ShoppingAppDesign/Preview Content\"";
				ENABLE_PREVIEWS = YES;
				INFOPLIST_FILE = ShoppingAppDesign/Info.plist;
				LD_RUNPATH_SEARCH_PATHS = (
					"$(inherited)",
					"@executable_path/Frameworks",
				);
				PRODUCT_BUNDLE_IDENTIFIER = pushpank.ShoppingAppDesign;
				PRODUCT_NAME = "$(TARGET_NAME)";
				SWIFT_VERSION = 5.0;
				TARGETED_DEVICE_FAMILY = "1,2";
			};
			name = Debug;
		};
		97ADBEF724D55A9A001B9BAF /* Release */ = {
			isa = XCBuildConfiguration;
			buildSettings = {
				ASSETCATALOG_COMPILER_APPICON_NAME = AppIcon;
				ASSETCATALOG_COMPILER_GLOBAL_ACCENT_COLOR_NAME = AccentColor;
				CODE_SIGN_STYLE = Automatic;
				DEVELOPMENT_ASSET_PATHS = "\"ShoppingAppDesign/Preview Content\"";
				ENABLE_PREVIEWS = YES;
				INFOPLIST_FILE = ShoppingAppDesign/Info.plist;
				LD_RUNPATH_SEARCH_PATHS = (
					"$(inherited)",
					"@executable_path/Frameworks",
				);
				PRODUCT_BUNDLE_IDENTIFIER = pushpank.ShoppingAppDesign;
				PRODUCT_NAME = "$(TARGET_NAME)";
				SWIFT_VERSION = 5.0;
				TARGETED_DEVICE_FAMILY = "1,2";
			};
			name = Release;
		};
/* End XCBuildConfiguration section */

/* Begin XCConfigurationList section */
		97ADBEDC24D55A99001B9BAF /* Build configuration list for PBXProject "ShoppingAppDesign" */ = {
			isa = XCConfigurationList;
			buildConfigurations = (
				97ADBEF324D55A9A001B9BAF /* Debug */,
				97ADBEF424D55A9A001B9BAF /* Release */,
			);
			defaultConfigurationIsVisible = 0;
			defaultConfigurationName = Release;
		};
		97ADBEF524D55A9A001B9BAF /* Build configuration list for PBXNativeTarget "ShoppingAppDesign" */ = {
			isa = XCConfigurationList;
			buildConfigurations = (
				97ADBEF624D55A9A001B9BAF /* Debug */,
				97ADBEF724D55A9A001B9BAF /* Release */,
			);
			defaultConfigurationIsVisible = 0;
			defaultConfigurationName = Release;
		};
/* End XCConfigurationList section */
	};
	rootObject = 97ADBED924D55A99001B9BAF /* Project object */;
}
